
Microsoft Visual Studio Solution File, Format Version 12.00
# Visual Studio Version 17
VisualStudioVersion = 17.7.34024.191
MinimumVisualStudioVersion = 10.0.40219.1
Project("{FAE04EC0-301F-11D3-BF4B-00C04F79EFBC}") = "Lab315", "Lab315\Lab315.csproj", "{46E3B78B-1DBA-4BB8-909D-91564F589B51}"
EndProject
Project("{FAE04EC0-301F-11D3-BF4B-00C04F79EFBC}") = "MyLogger", "MyLogger\MyLogger.csproj", "{E93542B8-3D39-405A-B75F-B9BB717733EF}"
EndProject
Project("{FAE04EC0-301F-11D3-BF4B-00C04F79EFBC}") = "SingleRandomizer", "SingleRandomizer\SingleRandomizer.csproj", "{57EDB5DA-566E-45E5-B778-69A6BF7814E2}"
EndProject
Global
	GlobalSection(SolutionConfigurationPlatforms) = preSolution
		Debug|Any CPU = Debug|Any CPU
		Release|Any CPU = Release|Any CPU
	EndGlobalSection
	GlobalSection(ProjectConfigurationPlatforms) = postSolution
		{46E3B78B-1DBA-4BB8-909D-91564F589B51}.Debug|Any CPU.ActiveCfg = Debug|Any CPU
		{46E3B78B-1DBA-4BB8-909D-91564F589B51}.Debug|Any CPU.Build.0 = Debug|Any CPU
		{46E3B78B-1DBA-4BB8-909D-91564F589B51}.Release|Any CPU.ActiveCfg = Release|Any CPU
		{46E3B78B-1DBA-4BB8-909D-91564F589B51}.Release|Any CPU.Build.0 = Release|Any CPU
		{E93542B8-3D39-405A-B75F-B9BB717733EF}.Debug|Any CPU.ActiveCfg = Debug|Any CPU
		{E93542B8-3D39-405A-B75F-B9BB717733EF}.Debug|Any CPU.Build.0 = Debug|Any CPU
		{E93542B8-3D39-405A-B75F-B9BB717733EF}.Release|Any CPU.ActiveCfg = Release|Any CPU
		{E93542B8-3D39-405A-B75F-B9BB717733EF}.Release|Any CPU.Build.0 = Release|Any CPU
		{57EDB5DA-566E-45E5-B778-69A6BF7814E2}.Debug|Any CPU.ActiveCfg = Debug|Any CPU
		{57EDB5DA-566E-45E5-B778-69A6BF7814E2}.Debug|Any CPU.Build.0 = Debug|Any CPU
		{57EDB5DA-566E-45E5-B778-69A6BF7814E2}.Release|Any CPU.ActiveCfg = Release|Any CPU
		{57EDB5DA-566E-45E5-B778-69A6BF7814E2}.Release|Any CPU.Build.0 = Release|Any CPU
	EndGlobalSection
	GlobalSection(SolutionProperties) = preSolution
		HideSolutionNode = FALSE
	EndGlobalSection
	GlobalSection(ExtensibilityGlobals) = postSolution
		SolutionGuid = {62AFFBA4-6385-4392-AEE4-8B967A31E64C}
	EndGlobalSection
EndGlobal
